// !$*UTF8*$!
{
	archiveVersion = 1;
	classes = {
	};
	objectVersion = 55;
	objects = {

/* Begin PBXBuildFile section */
		4435A08C27A072F100EF6EAD /* SignUpViewController.swift in Sources */ = {isa = PBXBuildFile; fileRef = 4435A08B27A072F100EF6EAD /* SignUpViewController.swift */; };
		4435A08E27A072F900EF6EAD /* SignUpView.swift in Sources */ = {isa = PBXBuildFile; fileRef = 4435A08D27A072F900EF6EAD /* SignUpView.swift */; };
		4435A09027A072FF00EF6EAD /* SignUpConfigurator.swift in Sources */ = {isa = PBXBuildFile; fileRef = 4435A08F27A072FF00EF6EAD /* SignUpConfigurator.swift */; };
		4435A09227A0730800EF6EAD /* SignUpInteractor.swift in Sources */ = {isa = PBXBuildFile; fileRef = 4435A09127A0730800EF6EAD /* SignUpInteractor.swift */; };
		4435A09427A0730E00EF6EAD /* SignUpPresenter.swift in Sources */ = {isa = PBXBuildFile; fileRef = 4435A09327A0730E00EF6EAD /* SignUpPresenter.swift */; };
		4435A09627A0731A00EF6EAD /* SignUpRouter.swift in Sources */ = {isa = PBXBuildFile; fileRef = 4435A09527A0731A00EF6EAD /* SignUpRouter.swift */; };
		4435A09827A0732000EF6EAD /* SignUpModels.swift in Sources */ = {isa = PBXBuildFile; fileRef = 4435A09727A0732000EF6EAD /* SignUpModels.swift */; };
		4435A09C27A091C500EF6EAD /* CustomError.swift in Sources */ = {isa = PBXBuildFile; fileRef = 4435A09B27A091C500EF6EAD /* CustomError.swift */; };
		4435A09F27A091EA00EF6EAD /* NetworkService.swift in Sources */ = {isa = PBXBuildFile; fileRef = 4435A09E27A091EA00EF6EAD /* NetworkService.swift */; };
		4435A0A127A0920100EF6EAD /* URLRequestBuilder.swift in Sources */ = {isa = PBXBuildFile; fileRef = 4435A0A027A0920100EF6EAD /* URLRequestBuilder.swift */; };
		4435A0A327A0921900EF6EAD /* URLRequestBuilder+Extension.swift in Sources */ = {isa = PBXBuildFile; fileRef = 4435A0A227A0921900EF6EAD /* URLRequestBuilder+Extension.swift */; };
		4435A0A527A0922C00EF6EAD /* HTTPMethod.swift in Sources */ = {isa = PBXBuildFile; fileRef = 4435A0A427A0922C00EF6EAD /* HTTPMethod.swift */; };
		4435A0A727A0923D00EF6EAD /* ParameterEncoding.swift in Sources */ = {isa = PBXBuildFile; fileRef = 4435A0A627A0923D00EF6EAD /* ParameterEncoding.swift */; };
		4435A0AC27A0926C00EF6EAD /* RegisterUserRequest.swift in Sources */ = {isa = PBXBuildFile; fileRef = 4435A0AB27A0926C00EF6EAD /* RegisterUserRequest.swift */; };
		4435A0AE27A0928600EF6EAD /* UserRepository.swift in Sources */ = {isa = PBXBuildFile; fileRef = 4435A0AD27A0928600EF6EAD /* UserRepository.swift */; };
		4435A0B227A092D300EF6EAD /* UserRepositoryInterface.swift in Sources */ = {isa = PBXBuildFile; fileRef = 4435A0B127A092D300EF6EAD /* UserRepositoryInterface.swift */; };
		4435A0B527A0930500EF6EAD /* User.swift in Sources */ = {isa = PBXBuildFile; fileRef = 4435A0B427A0930500EF6EAD /* User.swift */; };
		4435A0B827A0935C00EF6EAD /* RegisterUser.swift in Sources */ = {isa = PBXBuildFile; fileRef = 4435A0B727A0935C00EF6EAD /* RegisterUser.swift */; };
		4435A0BB27A0B5B600EF6EAD /* LoginViewController.swift in Sources */ = {isa = PBXBuildFile; fileRef = 4435A0BA27A0B5B600EF6EAD /* LoginViewController.swift */; };
		4435A0BD27A0B5BE00EF6EAD /* LoginView.swift in Sources */ = {isa = PBXBuildFile; fileRef = 4435A0BC27A0B5BE00EF6EAD /* LoginView.swift */; };
		4435A0BF27A0B5C700EF6EAD /* LoginConfigurator.swift in Sources */ = {isa = PBXBuildFile; fileRef = 4435A0BE27A0B5C700EF6EAD /* LoginConfigurator.swift */; };
		4435A0C127A0B5CE00EF6EAD /* LoginInteractor.swift in Sources */ = {isa = PBXBuildFile; fileRef = 4435A0C027A0B5CE00EF6EAD /* LoginInteractor.swift */; };
		4435A0C327A0B5D500EF6EAD /* LoginPresenter.swift in Sources */ = {isa = PBXBuildFile; fileRef = 4435A0C227A0B5D500EF6EAD /* LoginPresenter.swift */; };
		4435A0C527A0B5DB00EF6EAD /* LoginRouter.swift in Sources */ = {isa = PBXBuildFile; fileRef = 4435A0C427A0B5DB00EF6EAD /* LoginRouter.swift */; };
		4435A0C727A0B5E500EF6EAD /* LoginModels.swift in Sources */ = {isa = PBXBuildFile; fileRef = 4435A0C627A0B5E500EF6EAD /* LoginModels.swift */; };
		4435A0C927A0BA3400EF6EAD /* LoginUserRequest.swift in Sources */ = {isa = PBXBuildFile; fileRef = 4435A0C827A0BA3400EF6EAD /* LoginUserRequest.swift */; };
		4435A0CB27A0BA6200EF6EAD /* LoginUser.swift in Sources */ = {isa = PBXBuildFile; fileRef = 4435A0CA27A0BA6200EF6EAD /* LoginUser.swift */; };
		4435A0D027A0D70500EF6EAD /* AccountViewController.swift in Sources */ = {isa = PBXBuildFile; fileRef = 4435A0CF27A0D70500EF6EAD /* AccountViewController.swift */; };
		4435A0D227A0D70D00EF6EAD /* AccountInteractor.swift in Sources */ = {isa = PBXBuildFile; fileRef = 4435A0D127A0D70D00EF6EAD /* AccountInteractor.swift */; };
		4435A0D427A0D71300EF6EAD /* AccountConfigurator.swift in Sources */ = {isa = PBXBuildFile; fileRef = 4435A0D327A0D71300EF6EAD /* AccountConfigurator.swift */; };
		4435A0D627A0D71900EF6EAD /* AccountPresenter.swift in Sources */ = {isa = PBXBuildFile; fileRef = 4435A0D527A0D71900EF6EAD /* AccountPresenter.swift */; };
		4435A0D827A0D72500EF6EAD /* AccountModels.swift in Sources */ = {isa = PBXBuildFile; fileRef = 4435A0D727A0D72500EF6EAD /* AccountModels.swift */; };
		4435A0DA27A0D76100EF6EAD /* AccountView.swift in Sources */ = {isa = PBXBuildFile; fileRef = 4435A0D927A0D76100EF6EAD /* AccountView.swift */; };
		4435A0DC27A0D76A00EF6EAD /* AccountRouter.swift in Sources */ = {isa = PBXBuildFile; fileRef = 4435A0DB27A0D76A00EF6EAD /* AccountRouter.swift */; };
		4435A0DE27A0E05400EF6EAD /* UserBalance.swift in Sources */ = {isa = PBXBuildFile; fileRef = 4435A0DD27A0E05400EF6EAD /* UserBalance.swift */; };
		4435A0E027A0E0B200EF6EAD /* GetUserBalanceRequest.swift in Sources */ = {isa = PBXBuildFile; fileRef = 4435A0DF27A0E0B200EF6EAD /* GetUserBalanceRequest.swift */; };
		4435A0E227A0E9C000EF6EAD /* GetUserBalance.swift in Sources */ = {isa = PBXBuildFile; fileRef = 4435A0E127A0E9C000EF6EAD /* GetUserBalance.swift */; };
		4435A0E527A1A8B000EF6EAD /* DepositViewController.swift in Sources */ = {isa = PBXBuildFile; fileRef = 4435A0E427A1A8B000EF6EAD /* DepositViewController.swift */; };
		4435A0E727A1A8C200EF6EAD /* DepositPresenter.swift in Sources */ = {isa = PBXBuildFile; fileRef = 4435A0E627A1A8C200EF6EAD /* DepositPresenter.swift */; };
		4435A0E927A1A8CA00EF6EAD /* DepositInteractor.swift in Sources */ = {isa = PBXBuildFile; fileRef = 4435A0E827A1A8CA00EF6EAD /* DepositInteractor.swift */; };
		4435A0EB27A1A8DA00EF6EAD /* DepositRouter.swift in Sources */ = {isa = PBXBuildFile; fileRef = 4435A0EA27A1A8DA00EF6EAD /* DepositRouter.swift */; };
		4435A0ED27A1A8E800EF6EAD /* DepositView.swift in Sources */ = {isa = PBXBuildFile; fileRef = 4435A0EC27A1A8E800EF6EAD /* DepositView.swift */; };
		4435A0EF27A1A8F100EF6EAD /* DepositConfigurator.swift in Sources */ = {isa = PBXBuildFile; fileRef = 4435A0EE27A1A8F100EF6EAD /* DepositConfigurator.swift */; };
		4435A0F127A1A8F900EF6EAD /* DepositModels.swift in Sources */ = {isa = PBXBuildFile; fileRef = 4435A0F027A1A8F900EF6EAD /* DepositModels.swift */; };
		4435A0F327A1B30300EF6EAD /* DepositUserMoney.swift in Sources */ = {isa = PBXBuildFile; fileRef = 4435A0F227A1B30300EF6EAD /* DepositUserMoney.swift */; };
		4435A0F527A1B31100EF6EAD /* DepositUserMoneyRequest.swift in Sources */ = {isa = PBXBuildFile; fileRef = 4435A0F427A1B31100EF6EAD /* DepositUserMoneyRequest.swift */; };
		4435A0F727A1B58C00EF6EAD /* AccountMovimentation.swift in Sources */ = {isa = PBXBuildFile; fileRef = 4435A0F627A1B58C00EF6EAD /* AccountMovimentation.swift */; };
		4435A0FA27A1C42300EF6EAD /* WithdrawViewController.swift in Sources */ = {isa = PBXBuildFile; fileRef = 4435A0F927A1C42300EF6EAD /* WithdrawViewController.swift */; };
		4435A0FC27A1C43D00EF6EAD /* WithdrawPresenter.swift in Sources */ = {isa = PBXBuildFile; fileRef = 4435A0FB27A1C43D00EF6EAD /* WithdrawPresenter.swift */; };
		4435A0FE27A1C44800EF6EAD /* WithdrawInteractor.swift in Sources */ = {isa = PBXBuildFile; fileRef = 4435A0FD27A1C44800EF6EAD /* WithdrawInteractor.swift */; };
		4435A10027A1C45000EF6EAD /* WithdrawRouter.swift in Sources */ = {isa = PBXBuildFile; fileRef = 4435A0FF27A1C45000EF6EAD /* WithdrawRouter.swift */; };
		4435A10227A1C45600EF6EAD /* WithdrawView.swift in Sources */ = {isa = PBXBuildFile; fileRef = 4435A10127A1C45600EF6EAD /* WithdrawView.swift */; };
		4435A10427A1C45F00EF6EAD /* WithdrawConfigurator.swift in Sources */ = {isa = PBXBuildFile; fileRef = 4435A10327A1C45F00EF6EAD /* WithdrawConfigurator.swift */; };
		4435A10627A1C46500EF6EAD /* WithdrawModels.swift in Sources */ = {isa = PBXBuildFile; fileRef = 4435A10527A1C46500EF6EAD /* WithdrawModels.swift */; };
		4435A10827A1C77300EF6EAD /* WithdrawUserMoney.swift in Sources */ = {isa = PBXBuildFile; fileRef = 4435A10727A1C77300EF6EAD /* WithdrawUserMoney.swift */; };
		4435A10A27A1C87E00EF6EAD /* WithdrawUserMoneyRequest.swift in Sources */ = {isa = PBXBuildFile; fileRef = 4435A10927A1C87E00EF6EAD /* WithdrawUserMoneyRequest.swift */; };
		4435A10C27A1CC1100EF6EAD /* Extract.swift in Sources */ = {isa = PBXBuildFile; fileRef = 4435A10B27A1CC1100EF6EAD /* Extract.swift */; };
		4435A10F27A1CC8600EF6EAD /* ExtractViewController.swift in Sources */ = {isa = PBXBuildFile; fileRef = 4435A10E27A1CC8600EF6EAD /* ExtractViewController.swift */; };
		4435A11127A1CC9000EF6EAD /* ExtractView.swift in Sources */ = {isa = PBXBuildFile; fileRef = 4435A11027A1CC9000EF6EAD /* ExtractView.swift */; };
		4435A11327A1CC9700EF6EAD /* ExtractPresenter.swift in Sources */ = {isa = PBXBuildFile; fileRef = 4435A11227A1CC9700EF6EAD /* ExtractPresenter.swift */; };
		4435A11527A1CC9F00EF6EAD /* ExtractInteractor.swift in Sources */ = {isa = PBXBuildFile; fileRef = 4435A11427A1CC9F00EF6EAD /* ExtractInteractor.swift */; };
		4435A11727A1CCA800EF6EAD /* ExtractModels.swift in Sources */ = {isa = PBXBuildFile; fileRef = 4435A11627A1CCA800EF6EAD /* ExtractModels.swift */; };
		4435A11927A1CCAF00EF6EAD /* ExtractRouter.swift in Sources */ = {isa = PBXBuildFile; fileRef = 4435A11827A1CCAF00EF6EAD /* ExtractRouter.swift */; };
		4435A11B27A1CCC700EF6EAD /* ExtractConfigurator.swift in Sources */ = {isa = PBXBuildFile; fileRef = 4435A11A27A1CCC700EF6EAD /* ExtractConfigurator.swift */; };
		4435A12027A1CCF800EF6EAD /* TransactionCell.swift in Sources */ = {isa = PBXBuildFile; fileRef = 4435A11F27A1CCF800EF6EAD /* TransactionCell.swift */; };
		4435A12227A1D0E500EF6EAD /* GetUserExtractRequest.swift in Sources */ = {isa = PBXBuildFile; fileRef = 4435A12127A1D0E500EF6EAD /* GetUserExtractRequest.swift */; };
		4435A12427A1D19B00EF6EAD /* GetUserExtract.swift in Sources */ = {isa = PBXBuildFile; fileRef = 4435A12327A1D19B00EF6EAD /* GetUserExtract.swift */; };
		44B5217127A0666E00B57BC5 /* AppDelegate.swift in Sources */ = {isa = PBXBuildFile; fileRef = 44B5217027A0666E00B57BC5 /* AppDelegate.swift */; };
		44B5217327A0666E00B57BC5 /* SceneDelegate.swift in Sources */ = {isa = PBXBuildFile; fileRef = 44B5217227A0666E00B57BC5 /* SceneDelegate.swift */; };
		44B5217527A0666E00B57BC5 /* ViewController.swift in Sources */ = {isa = PBXBuildFile; fileRef = 44B5217427A0666E00B57BC5 /* ViewController.swift */; };
		44B5217827A0666E00B57BC5 /* Main.storyboard in Resources */ = {isa = PBXBuildFile; fileRef = 44B5217627A0666E00B57BC5 /* Main.storyboard */; };
		44B5217A27A0666F00B57BC5 /* Assets.xcassets in Resources */ = {isa = PBXBuildFile; fileRef = 44B5217927A0666F00B57BC5 /* Assets.xcassets */; };
		44B5217D27A0666F00B57BC5 /* LaunchScreen.storyboard in Resources */ = {isa = PBXBuildFile; fileRef = 44B5217B27A0666F00B57BC5 /* LaunchScreen.storyboard */; };
		85E8182672E4FC18A76405DA /* Pods_gm_bank_ios.framework in Frameworks */ = {isa = PBXBuildFile; fileRef = 3599F8ECCAF1AF4E0E76CEAD /* Pods_gm_bank_ios.framework */; };
/* End PBXBuildFile section */

/* Begin PBXFileReference section */
		1A0FC8B120829EDB4FEEF560 /* Pods-gm-bank-ios.release.xcconfig */ = {isa = PBXFileReference; includeInIndex = 1; lastKnownFileType = text.xcconfig; name = "Pods-gm-bank-ios.release.xcconfig"; path = "Target Support Files/Pods-gm-bank-ios/Pods-gm-bank-ios.release.xcconfig"; sourceTree = "<group>"; };
		3599F8ECCAF1AF4E0E76CEAD /* Pods_gm_bank_ios.framework */ = {isa = PBXFileReference; explicitFileType = wrapper.framework; includeInIndex = 0; path = Pods_gm_bank_ios.framework; sourceTree = BUILT_PRODUCTS_DIR; };
		4435A08B27A072F100EF6EAD /* SignUpViewController.swift */ = {isa = PBXFileReference; lastKnownFileType = sourcecode.swift; path = SignUpViewController.swift; sourceTree = "<group>"; };
		4435A08D27A072F900EF6EAD /* SignUpView.swift */ = {isa = PBXFileReference; lastKnownFileType = sourcecode.swift; path = SignUpView.swift; sourceTree = "<group>"; };
		4435A08F27A072FF00EF6EAD /* SignUpConfigurator.swift */ = {isa = PBXFileReference; lastKnownFileType = sourcecode.swift; path = SignUpConfigurator.swift; sourceTree = "<group>"; };
		4435A09127A0730800EF6EAD /* SignUpInteractor.swift */ = {isa = PBXFileReference; lastKnownFileType = sourcecode.swift; path = SignUpInteractor.swift; sourceTree = "<group>"; };
		4435A09327A0730E00EF6EAD /* SignUpPresenter.swift */ = {isa = PBXFileReference; lastKnownFileType = sourcecode.swift; path = SignUpPresenter.swift; sourceTree = "<group>"; };
		4435A09527A0731A00EF6EAD /* SignUpRouter.swift */ = {isa = PBXFileReference; lastKnownFileType = sourcecode.swift; path = SignUpRouter.swift; sourceTree = "<group>"; };
		4435A09727A0732000EF6EAD /* SignUpModels.swift */ = {isa = PBXFileReference; lastKnownFileType = sourcecode.swift; path = SignUpModels.swift; sourceTree = "<group>"; };
		4435A09B27A091C500EF6EAD /* CustomError.swift */ = {isa = PBXFileReference; lastKnownFileType = sourcecode.swift; path = CustomError.swift; sourceTree = "<group>"; };
		4435A09E27A091EA00EF6EAD /* NetworkService.swift */ = {isa = PBXFileReference; lastKnownFileType = sourcecode.swift; path = NetworkService.swift; sourceTree = "<group>"; };
		4435A0A027A0920100EF6EAD /* URLRequestBuilder.swift */ = {isa = PBXFileReference; lastKnownFileType = sourcecode.swift; path = URLRequestBuilder.swift; sourceTree = "<group>"; };
		4435A0A227A0921900EF6EAD /* URLRequestBuilder+Extension.swift */ = {isa = PBXFileReference; lastKnownFileType = sourcecode.swift; path = "URLRequestBuilder+Extension.swift"; sourceTree = "<group>"; };
		4435A0A427A0922C00EF6EAD /* HTTPMethod.swift */ = {isa = PBXFileReference; lastKnownFileType = sourcecode.swift; path = HTTPMethod.swift; sourceTree = "<group>"; };
		4435A0A627A0923D00EF6EAD /* ParameterEncoding.swift */ = {isa = PBXFileReference; lastKnownFileType = sourcecode.swift; path = ParameterEncoding.swift; sourceTree = "<group>"; };
		4435A0AB27A0926C00EF6EAD /* RegisterUserRequest.swift */ = {isa = PBXFileReference; lastKnownFileType = sourcecode.swift; path = RegisterUserRequest.swift; sourceTree = "<group>"; };
		4435A0AD27A0928600EF6EAD /* UserRepository.swift */ = {isa = PBXFileReference; lastKnownFileType = sourcecode.swift; path = UserRepository.swift; sourceTree = "<group>"; };
		4435A0B127A092D300EF6EAD /* UserRepositoryInterface.swift */ = {isa = PBXFileReference; lastKnownFileType = sourcecode.swift; path = UserRepositoryInterface.swift; sourceTree = "<group>"; };
		4435A0B427A0930500EF6EAD /* User.swift */ = {isa = PBXFileReference; lastKnownFileType = sourcecode.swift; path = User.swift; sourceTree = "<group>"; };
		4435A0B727A0935C00EF6EAD /* RegisterUser.swift */ = {isa = PBXFileReference; lastKnownFileType = sourcecode.swift; path = RegisterUser.swift; sourceTree = "<group>"; };
		4435A0BA27A0B5B600EF6EAD /* LoginViewController.swift */ = {isa = PBXFileReference; lastKnownFileType = sourcecode.swift; path = LoginViewController.swift; sourceTree = "<group>"; };
		4435A0BC27A0B5BE00EF6EAD /* LoginView.swift */ = {isa = PBXFileReference; lastKnownFileType = sourcecode.swift; path = LoginView.swift; sourceTree = "<group>"; };
		4435A0BE27A0B5C700EF6EAD /* LoginConfigurator.swift */ = {isa = PBXFileReference; lastKnownFileType = sourcecode.swift; path = LoginConfigurator.swift; sourceTree = "<group>"; };
		4435A0C027A0B5CE00EF6EAD /* LoginInteractor.swift */ = {isa = PBXFileReference; lastKnownFileType = sourcecode.swift; path = LoginInteractor.swift; sourceTree = "<group>"; };
		4435A0C227A0B5D500EF6EAD /* LoginPresenter.swift */ = {isa = PBXFileReference; lastKnownFileType = sourcecode.swift; path = LoginPresenter.swift; sourceTree = "<group>"; };
		4435A0C427A0B5DB00EF6EAD /* LoginRouter.swift */ = {isa = PBXFileReference; lastKnownFileType = sourcecode.swift; path = LoginRouter.swift; sourceTree = "<group>"; };
		4435A0C627A0B5E500EF6EAD /* LoginModels.swift */ = {isa = PBXFileReference; lastKnownFileType = sourcecode.swift; path = LoginModels.swift; sourceTree = "<group>"; };
		4435A0C827A0BA3400EF6EAD /* LoginUserRequest.swift */ = {isa = PBXFileReference; lastKnownFileType = sourcecode.swift; path = LoginUserRequest.swift; sourceTree = "<group>"; };
		4435A0CA27A0BA6200EF6EAD /* LoginUser.swift */ = {isa = PBXFileReference; lastKnownFileType = sourcecode.swift; path = LoginUser.swift; sourceTree = "<group>"; };
		4435A0CF27A0D70500EF6EAD /* AccountViewController.swift */ = {isa = PBXFileReference; lastKnownFileType = sourcecode.swift; path = AccountViewController.swift; sourceTree = "<group>"; };
		4435A0D127A0D70D00EF6EAD /* AccountInteractor.swift */ = {isa = PBXFileReference; lastKnownFileType = sourcecode.swift; path = AccountInteractor.swift; sourceTree = "<group>"; };
		4435A0D327A0D71300EF6EAD /* AccountConfigurator.swift */ = {isa = PBXFileReference; lastKnownFileType = sourcecode.swift; path = AccountConfigurator.swift; sourceTree = "<group>"; };
		4435A0D527A0D71900EF6EAD /* AccountPresenter.swift */ = {isa = PBXFileReference; lastKnownFileType = sourcecode.swift; path = AccountPresenter.swift; sourceTree = "<group>"; };
		4435A0D727A0D72500EF6EAD /* AccountModels.swift */ = {isa = PBXFileReference; lastKnownFileType = sourcecode.swift; path = AccountModels.swift; sourceTree = "<group>"; };
		4435A0D927A0D76100EF6EAD /* AccountView.swift */ = {isa = PBXFileReference; lastKnownFileType = sourcecode.swift; path = AccountView.swift; sourceTree = "<group>"; };
		4435A0DB27A0D76A00EF6EAD /* AccountRouter.swift */ = {isa = PBXFileReference; lastKnownFileType = sourcecode.swift; path = AccountRouter.swift; sourceTree = "<group>"; };
		4435A0DD27A0E05400EF6EAD /* UserBalance.swift */ = {isa = PBXFileReference; lastKnownFileType = sourcecode.swift; path = UserBalance.swift; sourceTree = "<group>"; };
		4435A0DF27A0E0B200EF6EAD /* GetUserBalanceRequest.swift */ = {isa = PBXFileReference; lastKnownFileType = sourcecode.swift; path = GetUserBalanceRequest.swift; sourceTree = "<group>"; };
		4435A0E127A0E9C000EF6EAD /* GetUserBalance.swift */ = {isa = PBXFileReference; lastKnownFileType = sourcecode.swift; path = GetUserBalance.swift; sourceTree = "<group>"; };
		4435A0E427A1A8B000EF6EAD /* DepositViewController.swift */ = {isa = PBXFileReference; lastKnownFileType = sourcecode.swift; path = DepositViewController.swift; sourceTree = "<group>"; };
		4435A0E627A1A8C200EF6EAD /* DepositPresenter.swift */ = {isa = PBXFileReference; lastKnownFileType = sourcecode.swift; path = DepositPresenter.swift; sourceTree = "<group>"; };
		4435A0E827A1A8CA00EF6EAD /* DepositInteractor.swift */ = {isa = PBXFileReference; lastKnownFileType = sourcecode.swift; path = DepositInteractor.swift; sourceTree = "<group>"; };
		4435A0EA27A1A8DA00EF6EAD /* DepositRouter.swift */ = {isa = PBXFileReference; lastKnownFileType = sourcecode.swift; path = DepositRouter.swift; sourceTree = "<group>"; };
		4435A0EC27A1A8E800EF6EAD /* DepositView.swift */ = {isa = PBXFileReference; lastKnownFileType = sourcecode.swift; path = DepositView.swift; sourceTree = "<group>"; };
		4435A0EE27A1A8F100EF6EAD /* DepositConfigurator.swift */ = {isa = PBXFileReference; lastKnownFileType = sourcecode.swift; path = DepositConfigurator.swift; sourceTree = "<group>"; };
		4435A0F027A1A8F900EF6EAD /* DepositModels.swift */ = {isa = PBXFileReference; lastKnownFileType = sourcecode.swift; path = DepositModels.swift; sourceTree = "<group>"; };
		4435A0F227A1B30300EF6EAD /* DepositUserMoney.swift */ = {isa = PBXFileReference; lastKnownFileType = sourcecode.swift; path = DepositUserMoney.swift; sourceTree = "<group>"; };
		4435A0F427A1B31100EF6EAD /* DepositUserMoneyRequest.swift */ = {isa = PBXFileReference; lastKnownFileType = sourcecode.swift; path = DepositUserMoneyRequest.swift; sourceTree = "<group>"; };
		4435A0F627A1B58C00EF6EAD /* AccountMovimentation.swift */ = {isa = PBXFileReference; lastKnownFileType = sourcecode.swift; path = AccountMovimentation.swift; sourceTree = "<group>"; };
		4435A0F927A1C42300EF6EAD /* WithdrawViewController.swift */ = {isa = PBXFileReference; lastKnownFileType = sourcecode.swift; path = WithdrawViewController.swift; sourceTree = "<group>"; };
		4435A0FB27A1C43D00EF6EAD /* WithdrawPresenter.swift */ = {isa = PBXFileReference; lastKnownFileType = sourcecode.swift; path = WithdrawPresenter.swift; sourceTree = "<group>"; };
		4435A0FD27A1C44800EF6EAD /* WithdrawInteractor.swift */ = {isa = PBXFileReference; lastKnownFileType = sourcecode.swift; path = WithdrawInteractor.swift; sourceTree = "<group>"; };
		4435A0FF27A1C45000EF6EAD /* WithdrawRouter.swift */ = {isa = PBXFileReference; lastKnownFileType = sourcecode.swift; path = WithdrawRouter.swift; sourceTree = "<group>"; };
		4435A10127A1C45600EF6EAD /* WithdrawView.swift */ = {isa = PBXFileReference; lastKnownFileType = sourcecode.swift; path = WithdrawView.swift; sourceTree = "<group>"; };
		4435A10327A1C45F00EF6EAD /* WithdrawConfigurator.swift */ = {isa = PBXFileReference; lastKnownFileType = sourcecode.swift; path = WithdrawConfigurator.swift; sourceTree = "<group>"; };
		4435A10527A1C46500EF6EAD /* WithdrawModels.swift */ = {isa = PBXFileReference; lastKnownFileType = sourcecode.swift; path = WithdrawModels.swift; sourceTree = "<group>"; };
		4435A10727A1C77300EF6EAD /* WithdrawUserMoney.swift */ = {isa = PBXFileReference; lastKnownFileType = sourcecode.swift; path = WithdrawUserMoney.swift; sourceTree = "<group>"; };
		4435A10927A1C87E00EF6EAD /* WithdrawUserMoneyRequest.swift */ = {isa = PBXFileReference; lastKnownFileType = sourcecode.swift; path = WithdrawUserMoneyRequest.swift; sourceTree = "<group>"; };
		4435A10B27A1CC1100EF6EAD /* Extract.swift */ = {isa = PBXFileReference; lastKnownFileType = sourcecode.swift; path = Extract.swift; sourceTree = "<group>"; };
		4435A10E27A1CC8600EF6EAD /* ExtractViewController.swift */ = {isa = PBXFileReference; lastKnownFileType = sourcecode.swift; path = ExtractViewController.swift; sourceTree = "<group>"; };
		4435A11027A1CC9000EF6EAD /* ExtractView.swift */ = {isa = PBXFileReference; lastKnownFileType = sourcecode.swift; path = ExtractView.swift; sourceTree = "<group>"; };
		4435A11227A1CC9700EF6EAD /* ExtractPresenter.swift */ = {isa = PBXFileReference; lastKnownFileType = sourcecode.swift; path = ExtractPresenter.swift; sourceTree = "<group>"; };
		4435A11427A1CC9F00EF6EAD /* ExtractInteractor.swift */ = {isa = PBXFileReference; lastKnownFileType = sourcecode.swift; path = ExtractInteractor.swift; sourceTree = "<group>"; };
		4435A11627A1CCA800EF6EAD /* ExtractModels.swift */ = {isa = PBXFileReference; lastKnownFileType = sourcecode.swift; path = ExtractModels.swift; sourceTree = "<group>"; };
		4435A11827A1CCAF00EF6EAD /* ExtractRouter.swift */ = {isa = PBXFileReference; lastKnownFileType = sourcecode.swift; path = ExtractRouter.swift; sourceTree = "<group>"; };
		4435A11A27A1CCC700EF6EAD /* ExtractConfigurator.swift */ = {isa = PBXFileReference; lastKnownFileType = sourcecode.swift; path = ExtractConfigurator.swift; sourceTree = "<group>"; };
		4435A11F27A1CCF800EF6EAD /* TransactionCell.swift */ = {isa = PBXFileReference; lastKnownFileType = sourcecode.swift; path = TransactionCell.swift; sourceTree = "<group>"; };
		4435A12127A1D0E500EF6EAD /* GetUserExtractRequest.swift */ = {isa = PBXFileReference; lastKnownFileType = sourcecode.swift; path = GetUserExtractRequest.swift; sourceTree = "<group>"; };
		4435A12327A1D19B00EF6EAD /* GetUserExtract.swift */ = {isa = PBXFileReference; lastKnownFileType = sourcecode.swift; path = GetUserExtract.swift; sourceTree = "<group>"; };
		44B5216D27A0666E00B57BC5 /* gm-bank-ios.app */ = {isa = PBXFileReference; explicitFileType = wrapper.application; includeInIndex = 0; path = "gm-bank-ios.app"; sourceTree = BUILT_PRODUCTS_DIR; };
		44B5217027A0666E00B57BC5 /* AppDelegate.swift */ = {isa = PBXFileReference; lastKnownFileType = sourcecode.swift; path = AppDelegate.swift; sourceTree = "<group>"; };
		44B5217227A0666E00B57BC5 /* SceneDelegate.swift */ = {isa = PBXFileReference; lastKnownFileType = sourcecode.swift; path = SceneDelegate.swift; sourceTree = "<group>"; };
		44B5217427A0666E00B57BC5 /* ViewController.swift */ = {isa = PBXFileReference; lastKnownFileType = sourcecode.swift; path = ViewController.swift; sourceTree = "<group>"; };
		44B5217727A0666E00B57BC5 /* Base */ = {isa = PBXFileReference; lastKnownFileType = file.storyboard; name = Base; path = Base.lproj/Main.storyboard; sourceTree = "<group>"; };
		44B5217927A0666F00B57BC5 /* Assets.xcassets */ = {isa = PBXFileReference; lastKnownFileType = folder.assetcatalog; path = Assets.xcassets; sourceTree = "<group>"; };
		44B5217C27A0666F00B57BC5 /* Base */ = {isa = PBXFileReference; lastKnownFileType = file.storyboard; name = Base; path = Base.lproj/LaunchScreen.storyboard; sourceTree = "<group>"; };
		44B5217E27A0666F00B57BC5 /* Info.plist */ = {isa = PBXFileReference; lastKnownFileType = text.plist.xml; path = Info.plist; sourceTree = "<group>"; };
		9650C16F02E4E05DC5E7A477 /* Pods-gm-bank-ios.debug.xcconfig */ = {isa = PBXFileReference; includeInIndex = 1; lastKnownFileType = text.xcconfig; name = "Pods-gm-bank-ios.debug.xcconfig"; path = "Target Support Files/Pods-gm-bank-ios/Pods-gm-bank-ios.debug.xcconfig"; sourceTree = "<group>"; };
/* End PBXFileReference section */

/* Begin PBXFrameworksBuildPhase section */
		44B5216A27A0666E00B57BC5 /* Frameworks */ = {
			isa = PBXFrameworksBuildPhase;
			buildActionMask = 2147483647;
			files = (
				85E8182672E4FC18A76405DA /* Pods_gm_bank_ios.framework in Frameworks */,
			);
			runOnlyForDeploymentPostprocessing = 0;
		};
/* End PBXFrameworksBuildPhase section */

/* Begin PBXGroup section */
		4435A08727A072B700EF6EAD /* Presentation */ = {
			isa = PBXGroup;
			children = (
				4435A08827A072C000EF6EAD /* Scenes */,
			);
			path = Presentation;
			sourceTree = "<group>";
		};
		4435A08827A072C000EF6EAD /* Scenes */ = {
			isa = PBXGroup;
			children = (
				4435A10D27A1CC7600EF6EAD /* Extract */,
				4435A0F827A1C3FE00EF6EAD /* Withdraw */,
				4435A0E327A1A86D00EF6EAD /* Deposit */,
				4435A0CE27A0D6F700EF6EAD /* Account */,
				4435A0B927A0B54200EF6EAD /* Login */,
				4435A08927A072C800EF6EAD /* SignUp */,
			);
			path = Scenes;
			sourceTree = "<group>";
		};
		4435A08927A072C800EF6EAD /* SignUp */ = {
			isa = PBXGroup;
			children = (
				4435A08B27A072F100EF6EAD /* SignUpViewController.swift */,
				4435A08D27A072F900EF6EAD /* SignUpView.swift */,
				4435A08F27A072FF00EF6EAD /* SignUpConfigurator.swift */,
				4435A09127A0730800EF6EAD /* SignUpInteractor.swift */,
				4435A09327A0730E00EF6EAD /* SignUpPresenter.swift */,
				4435A09527A0731A00EF6EAD /* SignUpRouter.swift */,
				4435A09727A0732000EF6EAD /* SignUpModels.swift */,
			);
			path = SignUp;
			sourceTree = "<group>";
		};
		4435A09A27A091B000EF6EAD /* Helpers */ = {
			isa = PBXGroup;
			children = (
				4435A09B27A091C500EF6EAD /* CustomError.swift */,
			);
			path = Helpers;
			sourceTree = "<group>";
		};
		4435A09D27A091D300EF6EAD /* Network */ = {
			isa = PBXGroup;
			children = (
				4435A09E27A091EA00EF6EAD /* NetworkService.swift */,
				4435A0A027A0920100EF6EAD /* URLRequestBuilder.swift */,
				4435A0A227A0921900EF6EAD /* URLRequestBuilder+Extension.swift */,
				4435A0A427A0922C00EF6EAD /* HTTPMethod.swift */,
				4435A0A627A0923D00EF6EAD /* ParameterEncoding.swift */,
			);
			path = Network;
			sourceTree = "<group>";
		};
		4435A0A827A0924D00EF6EAD /* Data */ = {
			isa = PBXGroup;
			children = (
				4435A0AA27A0925900EF6EAD /* Repositories */,
				4435A0A927A0925200EF6EAD /* Requests */,
			);
			path = Data;
			sourceTree = "<group>";
		};
		4435A0A927A0925200EF6EAD /* Requests */ = {
			isa = PBXGroup;
			children = (
				4435A0AD27A0928600EF6EAD /* UserRepository.swift */,
			);
			path = Requests;
			sourceTree = "<group>";
		};
		4435A0AA27A0925900EF6EAD /* Repositories */ = {
			isa = PBXGroup;
			children = (
				4435A0AB27A0926C00EF6EAD /* RegisterUserRequest.swift */,
				4435A0C827A0BA3400EF6EAD /* LoginUserRequest.swift */,
				4435A0DF27A0E0B200EF6EAD /* GetUserBalanceRequest.swift */,
				4435A0F427A1B31100EF6EAD /* DepositUserMoneyRequest.swift */,
				4435A10927A1C87E00EF6EAD /* WithdrawUserMoneyRequest.swift */,
				4435A12127A1D0E500EF6EAD /* GetUserExtractRequest.swift */,
			);
			path = Repositories;
			sourceTree = "<group>";
		};
		4435A0AF27A092B000EF6EAD /* Domain */ = {
			isa = PBXGroup;
			children = (
				4435A0B627A0934800EF6EAD /* UseCases */,
				4435A0B327A092FA00EF6EAD /* Entities */,
				4435A0B027A092B700EF6EAD /* Repositories */,
			);
			path = Domain;
			sourceTree = "<group>";
		};
		4435A0B027A092B700EF6EAD /* Repositories */ = {
			isa = PBXGroup;
			children = (
				4435A0B127A092D300EF6EAD /* UserRepositoryInterface.swift */,
			);
			path = Repositories;
			sourceTree = "<group>";
		};
		4435A0B327A092FA00EF6EAD /* Entities */ = {
			isa = PBXGroup;
			children = (
				4435A0B427A0930500EF6EAD /* User.swift */,
				4435A0DD27A0E05400EF6EAD /* UserBalance.swift */,
				4435A0F627A1B58C00EF6EAD /* AccountMovimentation.swift */,
				4435A10B27A1CC1100EF6EAD /* Extract.swift */,
			);
			path = Entities;
			sourceTree = "<group>";
		};
		4435A0B627A0934800EF6EAD /* UseCases */ = {
			isa = PBXGroup;
			children = (
				4435A0B727A0935C00EF6EAD /* RegisterUser.swift */,
				4435A0CA27A0BA6200EF6EAD /* LoginUser.swift */,
				4435A0E127A0E9C000EF6EAD /* GetUserBalance.swift */,
				4435A12327A1D19B00EF6EAD /* GetUserExtract.swift */,
				4435A0F227A1B30300EF6EAD /* DepositUserMoney.swift */,
				4435A10727A1C77300EF6EAD /* WithdrawUserMoney.swift */,
			);
			path = UseCases;
			sourceTree = "<group>";
		};
		4435A0B927A0B54200EF6EAD /* Login */ = {
			isa = PBXGroup;
			children = (
				4435A0BA27A0B5B600EF6EAD /* LoginViewController.swift */,
				4435A0BC27A0B5BE00EF6EAD /* LoginView.swift */,
				4435A0BE27A0B5C700EF6EAD /* LoginConfigurator.swift */,
				4435A0C227A0B5D500EF6EAD /* LoginPresenter.swift */,
				4435A0C427A0B5DB00EF6EAD /* LoginRouter.swift */,
				4435A0C627A0B5E500EF6EAD /* LoginModels.swift */,
				4435A0C027A0B5CE00EF6EAD /* LoginInteractor.swift */,
			);
			path = Login;
			sourceTree = "<group>";
		};
		4435A0CE27A0D6F700EF6EAD /* Account */ = {
			isa = PBXGroup;
			children = (
				4435A0CF27A0D70500EF6EAD /* AccountViewController.swift */,
				4435A0D127A0D70D00EF6EAD /* AccountInteractor.swift */,
				4435A0D327A0D71300EF6EAD /* AccountConfigurator.swift */,
				4435A0DB27A0D76A00EF6EAD /* AccountRouter.swift */,
				4435A0D527A0D71900EF6EAD /* AccountPresenter.swift */,
				4435A0D727A0D72500EF6EAD /* AccountModels.swift */,
				4435A0D927A0D76100EF6EAD /* AccountView.swift */,
			);
			path = Account;
			sourceTree = "<group>";
		};
		4435A0E327A1A86D00EF6EAD /* Deposit */ = {
			isa = PBXGroup;
			children = (
				4435A0E427A1A8B000EF6EAD /* DepositViewController.swift */,
				4435A0E627A1A8C200EF6EAD /* DepositPresenter.swift */,
				4435A0E827A1A8CA00EF6EAD /* DepositInteractor.swift */,
				4435A0EA27A1A8DA00EF6EAD /* DepositRouter.swift */,
				4435A0EC27A1A8E800EF6EAD /* DepositView.swift */,
				4435A0EE27A1A8F100EF6EAD /* DepositConfigurator.swift */,
				4435A0F027A1A8F900EF6EAD /* DepositModels.swift */,
			);
			path = Deposit;
			sourceTree = "<group>";
		};
		4435A0F827A1C3FE00EF6EAD /* Withdraw */ = {
			isa = PBXGroup;
			children = (
				4435A0F927A1C42300EF6EAD /* WithdrawViewController.swift */,
				4435A0FB27A1C43D00EF6EAD /* WithdrawPresenter.swift */,
				4435A0FD27A1C44800EF6EAD /* WithdrawInteractor.swift */,
				4435A0FF27A1C45000EF6EAD /* WithdrawRouter.swift */,
				4435A10127A1C45600EF6EAD /* WithdrawView.swift */,
				4435A10327A1C45F00EF6EAD /* WithdrawConfigurator.swift */,
				4435A10527A1C46500EF6EAD /* WithdrawModels.swift */,
			);
			path = Withdraw;
			sourceTree = "<group>";
		};
		4435A10D27A1CC7600EF6EAD /* Extract */ = {
			isa = PBXGroup;
			children = (
				4435A11E27A1CCE500EF6EAD /* Cells */,
				4435A10E27A1CC8600EF6EAD /* ExtractViewController.swift */,
				4435A11027A1CC9000EF6EAD /* ExtractView.swift */,
				4435A11227A1CC9700EF6EAD /* ExtractPresenter.swift */,
				4435A11427A1CC9F00EF6EAD /* ExtractInteractor.swift */,
				4435A11627A1CCA800EF6EAD /* ExtractModels.swift */,
				4435A11827A1CCAF00EF6EAD /* ExtractRouter.swift */,
				4435A11A27A1CCC700EF6EAD /* ExtractConfigurator.swift */,
			);
			path = Extract;
			sourceTree = "<group>";
		};
		4435A11E27A1CCE500EF6EAD /* Cells */ = {
			isa = PBXGroup;
			children = (
				4435A11F27A1CCF800EF6EAD /* TransactionCell.swift */,
			);
			path = Cells;
			sourceTree = "<group>";
		};
		44B5216427A0666E00B57BC5 = {
			isa = PBXGroup;
			children = (
				4435A0AF27A092B000EF6EAD /* Domain */,
				44B5216F27A0666E00B57BC5 /* gm-bank-ios */,
				44B5216E27A0666E00B57BC5 /* Products */,
				AA30C9FAF7F0FB36395FABFF /* Pods */,
				A3DC26F3A4D2B83DFE4525B6 /* Frameworks */,
			);
			sourceTree = "<group>";
		};
		44B5216E27A0666E00B57BC5 /* Products */ = {
			isa = PBXGroup;
			children = (
				44B5216D27A0666E00B57BC5 /* gm-bank-ios.app */,
			);
			name = Products;
			sourceTree = "<group>";
		};
		44B5216F27A0666E00B57BC5 /* gm-bank-ios */ = {
			isa = PBXGroup;
			children = (
				4435A0A827A0924D00EF6EAD /* Data */,
				4435A09D27A091D300EF6EAD /* Network */,
				4435A09A27A091B000EF6EAD /* Helpers */,
				4435A08727A072B700EF6EAD /* Presentation */,
				44B5217027A0666E00B57BC5 /* AppDelegate.swift */,
				44B5217227A0666E00B57BC5 /* SceneDelegate.swift */,
				44B5217427A0666E00B57BC5 /* ViewController.swift */,
				44B5217627A0666E00B57BC5 /* Main.storyboard */,
				44B5217927A0666F00B57BC5 /* Assets.xcassets */,
				44B5217B27A0666F00B57BC5 /* LaunchScreen.storyboard */,
				44B5217E27A0666F00B57BC5 /* Info.plist */,
			);
			path = "gm-bank-ios";
			sourceTree = "<group>";
		};
		A3DC26F3A4D2B83DFE4525B6 /* Frameworks */ = {
			isa = PBXGroup;
			children = (
				3599F8ECCAF1AF4E0E76CEAD /* Pods_gm_bank_ios.framework */,
			);
			name = Frameworks;
			sourceTree = "<group>";
		};
		AA30C9FAF7F0FB36395FABFF /* Pods */ = {
			isa = PBXGroup;
			children = (
				9650C16F02E4E05DC5E7A477 /* Pods-gm-bank-ios.debug.xcconfig */,
				1A0FC8B120829EDB4FEEF560 /* Pods-gm-bank-ios.release.xcconfig */,
			);
			path = Pods;
			sourceTree = "<group>";
		};
/* End PBXGroup section */

/* Begin PBXNativeTarget section */
		44B5216C27A0666E00B57BC5 /* gm-bank-ios */ = {
			isa = PBXNativeTarget;
			buildConfigurationList = 44B5218127A0666F00B57BC5 /* Build configuration list for PBXNativeTarget "gm-bank-ios" */;
			buildPhases = (
				B2B8FF3FA3C2732B2D2EF2CB /* [CP] Check Pods Manifest.lock */,
				44B5216927A0666E00B57BC5 /* Sources */,
				44B5216A27A0666E00B57BC5 /* Frameworks */,
				44B5216B27A0666E00B57BC5 /* Resources */,
				49A58349B93AF12ACB2C17F6 /* [CP] Embed Pods Frameworks */,
			);
			buildRules = (
			);
			dependencies = (
			);
			name = "gm-bank-ios";
			productName = "gm-bank-ios";
			productReference = 44B5216D27A0666E00B57BC5 /* gm-bank-ios.app */;
			productType = "com.apple.product-type.application";
		};
/* End PBXNativeTarget section */

/* Begin PBXProject section */
		44B5216527A0666E00B57BC5 /* Project object */ = {
			isa = PBXProject;
			attributes = {
				BuildIndependentTargetsInParallel = 1;
				LastSwiftUpdateCheck = 1320;
				LastUpgradeCheck = 1320;
				TargetAttributes = {
					44B5216C27A0666E00B57BC5 = {
						CreatedOnToolsVersion = 13.2.1;
					};
				};
			};
			buildConfigurationList = 44B5216827A0666E00B57BC5 /* Build configuration list for PBXProject "gm-bank-ios" */;
			compatibilityVersion = "Xcode 13.0";
			developmentRegion = en;
			hasScannedForEncodings = 0;
			knownRegions = (
				en,
				Base,
			);
			mainGroup = 44B5216427A0666E00B57BC5;
			productRefGroup = 44B5216E27A0666E00B57BC5 /* Products */;
			projectDirPath = "";
			projectRoot = "";
			targets = (
				44B5216C27A0666E00B57BC5 /* gm-bank-ios */,
			);
		};
/* End PBXProject section */

/* Begin PBXResourcesBuildPhase section */
		44B5216B27A0666E00B57BC5 /* Resources */ = {
			isa = PBXResourcesBuildPhase;
			buildActionMask = 2147483647;
			files = (
				44B5217D27A0666F00B57BC5 /* LaunchScreen.storyboard in Resources */,
				44B5217A27A0666F00B57BC5 /* Assets.xcassets in Resources */,
				44B5217827A0666E00B57BC5 /* Main.storyboard in Resources */,
			);
			runOnlyForDeploymentPostprocessing = 0;
		};
/* End PBXResourcesBuildPhase section */

/* Begin PBXShellScriptBuildPhase section */
		49A58349B93AF12ACB2C17F6 /* [CP] Embed Pods Frameworks */ = {
			isa = PBXShellScriptBuildPhase;
			buildActionMask = 2147483647;
			files = (
			);
			inputFileListPaths = (
				"${PODS_ROOT}/Target Support Files/Pods-gm-bank-ios/Pods-gm-bank-ios-frameworks-${CONFIGURATION}-input-files.xcfilelist",
			);
			name = "[CP] Embed Pods Frameworks";
			outputFileListPaths = (
				"${PODS_ROOT}/Target Support Files/Pods-gm-bank-ios/Pods-gm-bank-ios-frameworks-${CONFIGURATION}-output-files.xcfilelist",
			);
			runOnlyForDeploymentPostprocessing = 0;
			shellPath = /bin/sh;
			shellScript = "\"${PODS_ROOT}/Target Support Files/Pods-gm-bank-ios/Pods-gm-bank-ios-frameworks.sh\"\n";
			showEnvVarsInLog = 0;
		};
		B2B8FF3FA3C2732B2D2EF2CB /* [CP] Check Pods Manifest.lock */ = {
			isa = PBXShellScriptBuildPhase;
			buildActionMask = 2147483647;
			files = (
			);
			inputFileListPaths = (
			);
			inputPaths = (
				"${PODS_PODFILE_DIR_PATH}/Podfile.lock",
				"${PODS_ROOT}/Manifest.lock",
			);
			name = "[CP] Check Pods Manifest.lock";
			outputFileListPaths = (
			);
			outputPaths = (
				"$(DERIVED_FILE_DIR)/Pods-gm-bank-ios-checkManifestLockResult.txt",
			);
			runOnlyForDeploymentPostprocessing = 0;
			shellPath = /bin/sh;
			shellScript = "diff \"${PODS_PODFILE_DIR_PATH}/Podfile.lock\" \"${PODS_ROOT}/Manifest.lock\" > /dev/null\nif [ $? != 0 ] ; then\n    # print error to STDERR\n    echo \"error: The sandbox is not in sync with the Podfile.lock. Run 'pod install' or update your CocoaPods installation.\" >&2\n    exit 1\nfi\n# This output is used by Xcode 'outputs' to avoid re-running this script phase.\necho \"SUCCESS\" > \"${SCRIPT_OUTPUT_FILE_0}\"\n";
			showEnvVarsInLog = 0;
		};
/* End PBXShellScriptBuildPhase section */

/* Begin PBXSourcesBuildPhase section */
		44B5216927A0666E00B57BC5 /* Sources */ = {
			isa = PBXSourcesBuildPhase;
			buildActionMask = 2147483647;
			files = (
				4435A0C527A0B5DB00EF6EAD /* LoginRouter.swift in Sources */,
				4435A12227A1D0E500EF6EAD /* GetUserExtractRequest.swift in Sources */,
				4435A09627A0731A00EF6EAD /* SignUpRouter.swift in Sources */,
				4435A12027A1CCF800EF6EAD /* TransactionCell.swift in Sources */,
				4435A0D027A0D70500EF6EAD /* AccountViewController.swift in Sources */,
				4435A0EF27A1A8F100EF6EAD /* DepositConfigurator.swift in Sources */,
				44B5217527A0666E00B57BC5 /* ViewController.swift in Sources */,
				4435A0AE27A0928600EF6EAD /* UserRepository.swift in Sources */,
				4435A0DC27A0D76A00EF6EAD /* AccountRouter.swift in Sources */,
				4435A0C127A0B5CE00EF6EAD /* LoginInteractor.swift in Sources */,
				4435A11127A1CC9000EF6EAD /* ExtractView.swift in Sources */,
				4435A0D827A0D72500EF6EAD /* AccountModels.swift in Sources */,
				4435A0A127A0920100EF6EAD /* URLRequestBuilder.swift in Sources */,
				4435A0CB27A0BA6200EF6EAD /* LoginUser.swift in Sources */,
				4435A0E027A0E0B200EF6EAD /* GetUserBalanceRequest.swift in Sources */,
				4435A12427A1D19B00EF6EAD /* GetUserExtract.swift in Sources */,
				4435A08E27A072F900EF6EAD /* SignUpView.swift in Sources */,
				4435A0FA27A1C42300EF6EAD /* WithdrawViewController.swift in Sources */,
				4435A0F327A1B30300EF6EAD /* DepositUserMoney.swift in Sources */,
				4435A10827A1C77300EF6EAD /* WithdrawUserMoney.swift in Sources */,
				4435A0E527A1A8B000EF6EAD /* DepositViewController.swift in Sources */,
				4435A0E227A0E9C000EF6EAD /* GetUserBalance.swift in Sources */,
				4435A09827A0732000EF6EAD /* SignUpModels.swift in Sources */,
				4435A0B227A092D300EF6EAD /* UserRepositoryInterface.swift in Sources */,
				4435A0D627A0D71900EF6EAD /* AccountPresenter.swift in Sources */,
				4435A0E727A1A8C200EF6EAD /* DepositPresenter.swift in Sources */,
				4435A09027A072FF00EF6EAD /* SignUpConfigurator.swift in Sources */,
				4435A10A27A1C87E00EF6EAD /* WithdrawUserMoneyRequest.swift in Sources */,
				4435A0EB27A1A8DA00EF6EAD /* DepositRouter.swift in Sources */,
				4435A0F727A1B58C00EF6EAD /* AccountMovimentation.swift in Sources */,
				4435A0BD27A0B5BE00EF6EAD /* LoginView.swift in Sources */,
				4435A0B527A0930500EF6EAD /* User.swift in Sources */,
				4435A10427A1C45F00EF6EAD /* WithdrawConfigurator.swift in Sources */,
				44B5217127A0666E00B57BC5 /* AppDelegate.swift in Sources */,
				4435A0BB27A0B5B600EF6EAD /* LoginViewController.swift in Sources */,
				4435A0BF27A0B5C700EF6EAD /* LoginConfigurator.swift in Sources */,
				4435A0C927A0BA3400EF6EAD /* LoginUserRequest.swift in Sources */,
				4435A0F127A1A8F900EF6EAD /* DepositModels.swift in Sources */,
				4435A0D427A0D71300EF6EAD /* AccountConfigurator.swift in Sources */,
				4435A10027A1C45000EF6EAD /* WithdrawRouter.swift in Sources */,
				4435A0C727A0B5E500EF6EAD /* LoginModels.swift in Sources */,
				4435A0F527A1B31100EF6EAD /* DepositUserMoneyRequest.swift in Sources */,
				4435A10F27A1CC8600EF6EAD /* ExtractViewController.swift in Sources */,
				4435A11927A1CCAF00EF6EAD /* ExtractRouter.swift in Sources */,
				4435A11527A1CC9F00EF6EAD /* ExtractInteractor.swift in Sources */,
				4435A0D227A0D70D00EF6EAD /* AccountInteractor.swift in Sources */,
				4435A11B27A1CCC700EF6EAD /* ExtractConfigurator.swift in Sources */,
				4435A08C27A072F100EF6EAD /* SignUpViewController.swift in Sources */,
				4435A0DA27A0D76100EF6EAD /* AccountView.swift in Sources */,
				4435A0A527A0922C00EF6EAD /* HTTPMethod.swift in Sources */,
				4435A0C327A0B5D500EF6EAD /* LoginPresenter.swift in Sources */,
				4435A09C27A091C500EF6EAD /* CustomError.swift in Sources */,
				4435A0E927A1A8CA00EF6EAD /* DepositInteractor.swift in Sources */,
				4435A0FE27A1C44800EF6EAD /* WithdrawInteractor.swift in Sources */,
				4435A10627A1C46500EF6EAD /* WithdrawModels.swift in Sources */,
				4435A10C27A1CC1100EF6EAD /* Extract.swift in Sources */,
				4435A0B827A0935C00EF6EAD /* RegisterUser.swift in Sources */,
				4435A0A727A0923D00EF6EAD /* ParameterEncoding.swift in Sources */,
				4435A09227A0730800EF6EAD /* SignUpInteractor.swift in Sources */,
				4435A0FC27A1C43D00EF6EAD /* WithdrawPresenter.swift in Sources */,
				4435A09427A0730E00EF6EAD /* SignUpPresenter.swift in Sources */,
				4435A0AC27A0926C00EF6EAD /* RegisterUserRequest.swift in Sources */,
				4435A09F27A091EA00EF6EAD /* NetworkService.swift in Sources */,
				4435A0DE27A0E05400EF6EAD /* UserBalance.swift in Sources */,
				4435A10227A1C45600EF6EAD /* WithdrawView.swift in Sources */,
				4435A11327A1CC9700EF6EAD /* ExtractPresenter.swift in Sources */,
				44B5217327A0666E00B57BC5 /* SceneDelegate.swift in Sources */,
				4435A0A327A0921900EF6EAD /* URLRequestBuilder+Extension.swift in Sources */,
				4435A0ED27A1A8E800EF6EAD /* DepositView.swift in Sources */,
				4435A11727A1CCA800EF6EAD /* ExtractModels.swift in Sources */,
			);
			runOnlyForDeploymentPostprocessing = 0;
		};
/* End PBXSourcesBuildPhase section */

/* Begin PBXVariantGroup section */
		44B5217627A0666E00B57BC5 /* Main.storyboard */ = {
			isa = PBXVariantGroup;
			children = (
				44B5217727A0666E00B57BC5 /* Base */,
			);
			name = Main.storyboard;
			sourceTree = "<group>";
		};
		44B5217B27A0666F00B57BC5 /* LaunchScreen.storyboard */ = {
			isa = PBXVariantGroup;
			children = (
				44B5217C27A0666F00B57BC5 /* Base */,
			);
			name = LaunchScreen.storyboard;
			sourceTree = "<group>";
		};
/* End PBXVariantGroup section */

/* Begin XCBuildConfiguration section */
		44B5217F27A0666F00B57BC5 /* Debug */ = {
			isa = XCBuildConfiguration;
			buildSettings = {
				ALWAYS_SEARCH_USER_PATHS = NO;
				CLANG_ANALYZER_NONNULL = YES;
				CLANG_ANALYZER_NUMBER_OBJECT_CONVERSION = YES_AGGRESSIVE;
				CLANG_CXX_LANGUAGE_STANDARD = "gnu++17";
				CLANG_CXX_LIBRARY = "libc++";
				CLANG_ENABLE_MODULES = YES;
				CLANG_ENABLE_OBJC_ARC = YES;
				CLANG_ENABLE_OBJC_WEAK = YES;
				CLANG_WARN_BLOCK_CAPTURE_AUTORELEASING = YES;
				CLANG_WARN_BOOL_CONVERSION = YES;
				CLANG_WARN_COMMA = YES;
				CLANG_WARN_CONSTANT_CONVERSION = YES;
				CLANG_WARN_DEPRECATED_OBJC_IMPLEMENTATIONS = YES;
				CLANG_WARN_DIRECT_OBJC_ISA_USAGE = YES_ERROR;
				CLANG_WARN_DOCUMENTATION_COMMENTS = YES;
				CLANG_WARN_EMPTY_BODY = YES;
				CLANG_WARN_ENUM_CONVERSION = YES;
				CLANG_WARN_INFINITE_RECURSION = YES;
				CLANG_WARN_INT_CONVERSION = YES;
				CLANG_WARN_NON_LITERAL_NULL_CONVERSION = YES;
				CLANG_WARN_OBJC_IMPLICIT_RETAIN_SELF = YES;
				CLANG_WARN_OBJC_LITERAL_CONVERSION = YES;
				CLANG_WARN_OBJC_ROOT_CLASS = YES_ERROR;
				CLANG_WARN_QUOTED_INCLUDE_IN_FRAMEWORK_HEADER = YES;
				CLANG_WARN_RANGE_LOOP_ANALYSIS = YES;
				CLANG_WARN_STRICT_PROTOTYPES = YES;
				CLANG_WARN_SUSPICIOUS_MOVE = YES;
				CLANG_WARN_UNGUARDED_AVAILABILITY = YES_AGGRESSIVE;
				CLANG_WARN_UNREACHABLE_CODE = YES;
				CLANG_WARN__DUPLICATE_METHOD_MATCH = YES;
				COPY_PHASE_STRIP = NO;
				DEBUG_INFORMATION_FORMAT = dwarf;
				ENABLE_STRICT_OBJC_MSGSEND = YES;
				ENABLE_TESTABILITY = YES;
				GCC_C_LANGUAGE_STANDARD = gnu11;
				GCC_DYNAMIC_NO_PIC = NO;
				GCC_NO_COMMON_BLOCKS = YES;
				GCC_OPTIMIZATION_LEVEL = 0;
				GCC_PREPROCESSOR_DEFINITIONS = (
					"DEBUG=1",
					"$(inherited)",
				);
				GCC_WARN_64_TO_32_BIT_CONVERSION = YES;
				GCC_WARN_ABOUT_RETURN_TYPE = YES_ERROR;
				GCC_WARN_UNDECLARED_SELECTOR = YES;
				GCC_WARN_UNINITIALIZED_AUTOS = YES_AGGRESSIVE;
				GCC_WARN_UNUSED_FUNCTION = YES;
				GCC_WARN_UNUSED_VARIABLE = YES;
				IPHONEOS_DEPLOYMENT_TARGET = 15.2;
				MTL_ENABLE_DEBUG_INFO = INCLUDE_SOURCE;
				MTL_FAST_MATH = YES;
				ONLY_ACTIVE_ARCH = YES;
				SDKROOT = iphoneos;
				SWIFT_ACTIVE_COMPILATION_CONDITIONS = DEBUG;
				SWIFT_OPTIMIZATION_LEVEL = "-Onone";
			};
			name = Debug;
		};
		44B5218027A0666F00B57BC5 /* Release */ = {
			isa = XCBuildConfiguration;
			buildSettings = {
				ALWAYS_SEARCH_USER_PATHS = NO;
				CLANG_ANALYZER_NONNULL = YES;
				CLANG_ANALYZER_NUMBER_OBJECT_CONVERSION = YES_AGGRESSIVE;
				CLANG_CXX_LANGUAGE_STANDARD = "gnu++17";
				CLANG_CXX_LIBRARY = "libc++";
				CLANG_ENABLE_MODULES = YES;
				CLANG_ENABLE_OBJC_ARC = YES;
				CLANG_ENABLE_OBJC_WEAK = YES;
				CLANG_WARN_BLOCK_CAPTURE_AUTORELEASING = YES;
				CLANG_WARN_BOOL_CONVERSION = YES;
				CLANG_WARN_COMMA = YES;
				CLANG_WARN_CONSTANT_CONVERSION = YES;
				CLANG_WARN_DEPRECATED_OBJC_IMPLEMENTATIONS = YES;
				CLANG_WARN_DIRECT_OBJC_ISA_USAGE = YES_ERROR;
				CLANG_WARN_DOCUMENTATION_COMMENTS = YES;
				CLANG_WARN_EMPTY_BODY = YES;
				CLANG_WARN_ENUM_CONVERSION = YES;
				CLANG_WARN_INFINITE_RECURSION = YES;
				CLANG_WARN_INT_CONVERSION = YES;
				CLANG_WARN_NON_LITERAL_NULL_CONVERSION = YES;
				CLANG_WARN_OBJC_IMPLICIT_RETAIN_SELF = YES;
				CLANG_WARN_OBJC_LITERAL_CONVERSION = YES;
				CLANG_WARN_OBJC_ROOT_CLASS = YES_ERROR;
				CLANG_WARN_QUOTED_INCLUDE_IN_FRAMEWORK_HEADER = YES;
				CLANG_WARN_RANGE_LOOP_ANALYSIS = YES;
				CLANG_WARN_STRICT_PROTOTYPES = YES;
				CLANG_WARN_SUSPICIOUS_MOVE = YES;
				CLANG_WARN_UNGUARDED_AVAILABILITY = YES_AGGRESSIVE;
				CLANG_WARN_UNREACHABLE_CODE = YES;
				CLANG_WARN__DUPLICATE_METHOD_MATCH = YES;
				COPY_PHASE_STRIP = NO;
				DEBUG_INFORMATION_FORMAT = "dwarf-with-dsym";
				ENABLE_NS_ASSERTIONS = NO;
				ENABLE_STRICT_OBJC_MSGSEND = YES;
				GCC_C_LANGUAGE_STANDARD = gnu11;
				GCC_NO_COMMON_BLOCKS = YES;
				GCC_WARN_64_TO_32_BIT_CONVERSION = YES;
				GCC_WARN_ABOUT_RETURN_TYPE = YES_ERROR;
				GCC_WARN_UNDECLARED_SELECTOR = YES;
				GCC_WARN_UNINITIALIZED_AUTOS = YES_AGGRESSIVE;
				GCC_WARN_UNUSED_FUNCTION = YES;
				GCC_WARN_UNUSED_VARIABLE = YES;
				IPHONEOS_DEPLOYMENT_TARGET = 15.2;
				MTL_ENABLE_DEBUG_INFO = NO;
				MTL_FAST_MATH = YES;
				SDKROOT = iphoneos;
				SWIFT_COMPILATION_MODE = wholemodule;
				SWIFT_OPTIMIZATION_LEVEL = "-O";
				VALIDATE_PRODUCT = YES;
			};
			name = Release;
		};
		44B5218227A0666F00B57BC5 /* Debug */ = {
			isa = XCBuildConfiguration;
			baseConfigurationReference = 9650C16F02E4E05DC5E7A477 /* Pods-gm-bank-ios.debug.xcconfig */;
			buildSettings = {
				ASSETCATALOG_COMPILER_APPICON_NAME = AppIcon;
				ASSETCATALOG_COMPILER_GLOBAL_ACCENT_COLOR_NAME = AccentColor;
				CODE_SIGN_STYLE = Automatic;
				CURRENT_PROJECT_VERSION = 1;
				GENERATE_INFOPLIST_FILE = YES;
				INFOPLIST_FILE = "gm-bank-ios/Info.plist";
				INFOPLIST_KEY_UIApplicationSupportsIndirectInputEvents = YES;
				INFOPLIST_KEY_UILaunchStoryboardName = LaunchScreen;
				INFOPLIST_KEY_UIMainStoryboardFile = Main;
				INFOPLIST_KEY_UISupportedInterfaceOrientations_iPad = "UIInterfaceOrientationPortrait UIInterfaceOrientationPortraitUpsideDown UIInterfaceOrientationLandscapeLeft UIInterfaceOrientationLandscapeRight";
				INFOPLIST_KEY_UISupportedInterfaceOrientations_iPhone = "UIInterfaceOrientationPortrait UIInterfaceOrientationLandscapeLeft UIInterfaceOrientationLandscapeRight";
				LD_RUNPATH_SEARCH_PATHS = (
					"$(inherited)",
					"@executable_path/Frameworks",
				);
				MARKETING_VERSION = 1.0;
				PRODUCT_BUNDLE_IDENTIFIER = "gilsonsantos03.gm-bank-ios";
				PRODUCT_NAME = "$(TARGET_NAME)";
				SWIFT_EMIT_LOC_STRINGS = YES;
				SWIFT_VERSION = 5.0;
				TARGETED_DEVICE_FAMILY = "1,2";
			};
			name = Debug;
		};
		44B5218327A0666F00B57BC5 /* Release */ = {
			isa = XCBuildConfiguration;
			baseConfigurationReference = 1A0FC8B120829EDB4FEEF560 /* Pods-gm-bank-ios.release.xcconfig */;
			buildSettings = {
				ASSETCATALOG_COMPILER_APPICON_NAME = AppIcon;
				ASSETCATALOG_COMPILER_GLOBAL_ACCENT_COLOR_NAME = AccentColor;
				CODE_SIGN_STYLE = Automatic;
				CURRENT_PROJECT_VERSION = 1;
				GENERATE_INFOPLIST_FILE = YES;
				INFOPLIST_FILE = "gm-bank-ios/Info.plist";
				INFOPLIST_KEY_UIApplicationSupportsIndirectInputEvents = YES;
				INFOPLIST_KEY_UILaunchStoryboardName = LaunchScreen;
				INFOPLIST_KEY_UIMainStoryboardFile = Main;
				INFOPLIST_KEY_UISupportedInterfaceOrientations_iPad = "UIInterfaceOrientationPortrait UIInterfaceOrientationPortraitUpsideDown UIInterfaceOrientationLandscapeLeft UIInterfaceOrientationLandscapeRight";
				INFOPLIST_KEY_UISupportedInterfaceOrientations_iPhone = "UIInterfaceOrientationPortrait UIInterfaceOrientationLandscapeLeft UIInterfaceOrientationLandscapeRight";
				LD_RUNPATH_SEARCH_PATHS = (
					"$(inherited)",
					"@executable_path/Frameworks",
				);
				MARKETING_VERSION = 1.0;
				PRODUCT_BUNDLE_IDENTIFIER = "gilsonsantos03.gm-bank-ios";
				PRODUCT_NAME = "$(TARGET_NAME)";
				SWIFT_EMIT_LOC_STRINGS = YES;
				SWIFT_VERSION = 5.0;
				TARGETED_DEVICE_FAMILY = "1,2";
			};
			name = Release;
		};
/* End XCBuildConfiguration section */

/* Begin XCConfigurationList section */
		44B5216827A0666E00B57BC5 /* Build configuration list for PBXProject "gm-bank-ios" */ = {
			isa = XCConfigurationList;
			buildConfigurations = (
				44B5217F27A0666F00B57BC5 /* Debug */,
				44B5218027A0666F00B57BC5 /* Release */,
			);
			defaultConfigurationIsVisible = 0;
			defaultConfigurationName = Release;
		};
		44B5218127A0666F00B57BC5 /* Build configuration list for PBXNativeTarget "gm-bank-ios" */ = {
			isa = XCConfigurationList;
			buildConfigurations = (
				44B5218227A0666F00B57BC5 /* Debug */,
				44B5218327A0666F00B57BC5 /* Release */,
			);
			defaultConfigurationIsVisible = 0;
			defaultConfigurationName = Release;
		};
/* End XCConfigurationList section */
	};
	rootObject = 44B5216527A0666E00B57BC5 /* Project object */;
}
